
Microsoft Visual Studio Solution File, Format Version 12.00
# Visual Studio Version 17
VisualStudioVersion = 17.7.34221.43
MinimumVisualStudioVersion = 10.0.40219.1
Project("{FAE04EC0-301F-11D3-BF4B-00C04F79EFBC}") = "Assignmen 20 BasiCsharpAssignment", "Assignmen 20 BasiCsharpAssignment\Assignmen 20 BasiCsharpAssignment.csproj", "{9D70AF74-A649-4FEC-885F-AF2CD1002F70}"
EndProject
Global
	GlobalSection(SolutionConfigurationPlatforms) = preSolution
		Debug|Any CPU = Debug|Any CPU
		Release|Any CPU = Release|Any CPU
	EndGlobalSection
	GlobalSection(ProjectConfigurationPlatforms) = postSolution
		{9D70AF74-A649-4FEC-885F-AF2CD1002F70}.Debug|Any CPU.ActiveCfg = Debug|Any CPU
		{9D70AF74-A649-4FEC-885F-AF2CD1002F70}.Debug|Any CPU.Build.0 = Debug|Any CPU
		{9D70AF74-A649-4FEC-885F-AF2CD1002F70}.Release|Any CPU.ActiveCfg = Release|Any CPU
		{9D70AF74-A649-4FEC-885F-AF2CD1002F70}.Release|Any CPU.Build.0 = Release|Any CPU
	EndGlobalSection
	GlobalSection(SolutionProperties) = preSolution
		HideSolutionNode = FALSE
	EndGlobalSection
	GlobalSection(ExtensibilityGlobals) = postSolution
		SolutionGuid = {8AF86B58-0F66-4DC6-9B28-124CC3901FF2}
	EndGlobalSection
EndGlobal
